
Microsoft Visual Studio Solution File, Format Version 12.00
# Visual Studio Version 17
VisualStudioVersion = 17.9.34723.18
MinimumVisualStudioVersion = 10.0.40219.1
Project("{FAE04EC0-301F-11D3-BF4B-00C04F79EFBC}") = "Restaurants.API", "Restaurants.API\Restaurants.API.csproj", "{024BA137-02E7-4C97-8A68-91EFE6DA64B7}"
EndProject
Global
	GlobalSection(SolutionConfigurationPlatforms) = preSolution
		Debug|Any CPU = Debug|Any CPU
		Release|Any CPU = Release|Any CPU
	EndGlobalSection
	GlobalSection(ProjectConfigurationPlatforms) = postSolution
		{024BA137-02E7-4C97-8A68-91EFE6DA64B7}.Debug|Any CPU.ActiveCfg = Debug|Any CPU
		{024BA137-02E7-4C97-8A68-91EFE6DA64B7}.Debug|Any CPU.Build.0 = Debug|Any CPU
		{024BA137-02E7-4C97-8A68-91EFE6DA64B7}.Release|Any CPU.ActiveCfg = Release|Any CPU
		{024BA137-02E7-4C97-8A68-91EFE6DA64B7}.Release|Any CPU.Build.0 = Release|Any CPU
	EndGlobalSection
	GlobalSection(SolutionProperties) = preSolution
		HideSolutionNode = FALSE
	EndGlobalSection
	GlobalSection(ExtensibilityGlobals) = postSolution
		SolutionGuid = {140293A5-3EA7-4EEA-BFF3-2114C8D1CE41}
	EndGlobalSection
EndGlobal
